{
  "name": "调研专题",
  "lockfileVersion": 3,
  "requires": true,
  "packages": {
    "": {
      "dependencies": {
        "paddleocr": "^1.1.1"
      }
    },
    "node_modules/paddleocr": {
      "version": "1.1.1",
      "resolved": "https://registry.npmmirror.com/paddleocr/-/paddleocr-1.1.1.tgz",
      "integrity": "sha512-fRSOaGUMOOiSmxjc+dH+y/aOPgJzfuDpfTb1HplmMpVq3dMmaNDS3xR8FcVfTFOqfBFUGa3+u/cWeHiQvL1scw==",
      "license": "MIT"
    }
  }
}
